
Microsoft Visual Studio Solution File, Format Version 12.00
# Visual Studio 15
VisualStudioVersion = 15.0.28307.438
MinimumVisualStudioVersion = 10.0.40219.1
Project("{FAE04EC0-301F-11D3-BF4B-00C04F79EFBC}") = "ExceptionHandlingTask", "ExceptionHandlingTask\ExceptionHandlingTask.csproj", "{09D4FC76-99A4-4320-84DD-99E42448BEB8}"
EndProject
Project("{FAE04EC0-301F-11D3-BF4B-00C04F79EFBC}") = "ParserTask", "ParserTask\ParserTask.csproj", "{8A8A41BA-D6A8-4E2F-AD25-190962F9DB4F}"
EndProject
Global
	GlobalSection(SolutionConfigurationPlatforms) = preSolution
		Debug|Any CPU = Debug|Any CPU
		Release|Any CPU = Release|Any CPU
	EndGlobalSection
	GlobalSection(ProjectConfigurationPlatforms) = postSolution
		{09D4FC76-99A4-4320-84DD-99E42448BEB8}.Debug|Any CPU.ActiveCfg = Debug|Any CPU
		{09D4FC76-99A4-4320-84DD-99E42448BEB8}.Debug|Any CPU.Build.0 = Debug|Any CPU
		{09D4FC76-99A4-4320-84DD-99E42448BEB8}.Release|Any CPU.ActiveCfg = Release|Any CPU
		{09D4FC76-99A4-4320-84DD-99E42448BEB8}.Release|Any CPU.Build.0 = Release|Any CPU
		{8A8A41BA-D6A8-4E2F-AD25-190962F9DB4F}.Debug|Any CPU.ActiveCfg = Debug|Any CPU
		{8A8A41BA-D6A8-4E2F-AD25-190962F9DB4F}.Debug|Any CPU.Build.0 = Debug|Any CPU
		{8A8A41BA-D6A8-4E2F-AD25-190962F9DB4F}.Release|Any CPU.ActiveCfg = Release|Any CPU
		{8A8A41BA-D6A8-4E2F-AD25-190962F9DB4F}.Release|Any CPU.Build.0 = Release|Any CPU
	EndGlobalSection
	GlobalSection(SolutionProperties) = preSolution
		HideSolutionNode = FALSE
	EndGlobalSection
	GlobalSection(ExtensibilityGlobals) = postSolution
		SolutionGuid = {0A7F99DD-AF12-4A62-BC95-BB3957AC325B}
	EndGlobalSection
EndGlobal
