
Microsoft Visual Studio Solution File, Format Version 12.00
# Visual Studio 15
VisualStudioVersion = 15.0.28307.329
MinimumVisualStudioVersion = 10.0.40219.1
Project("{FAE04EC0-301F-11D3-BF4B-00C04F79EFBC}") = "FileSystemVisitor", "FileSystemVisitor\FileSystemVisitor.csproj", "{A6B34FAF-9D4B-4F28-BB40-4130DBF2841B}"
EndProject
Project("{FAE04EC0-301F-11D3-BF4B-00C04F79EFBC}") = "FileSystemVisitorTests", "FileSystemVisitorTests\FileSystemVisitorTests.csproj", "{E1F329CA-E145-4D89-B3FB-0386AE9C6290}"
EndProject
Global
	GlobalSection(SolutionConfigurationPlatforms) = preSolution
		Debug|Any CPU = Debug|Any CPU
		Release|Any CPU = Release|Any CPU
	EndGlobalSection
	GlobalSection(ProjectConfigurationPlatforms) = postSolution
		{A6B34FAF-9D4B-4F28-BB40-4130DBF2841B}.Debug|Any CPU.ActiveCfg = Debug|Any CPU
		{A6B34FAF-9D4B-4F28-BB40-4130DBF2841B}.Debug|Any CPU.Build.0 = Debug|Any CPU
		{A6B34FAF-9D4B-4F28-BB40-4130DBF2841B}.Release|Any CPU.ActiveCfg = Release|Any CPU
		{A6B34FAF-9D4B-4F28-BB40-4130DBF2841B}.Release|Any CPU.Build.0 = Release|Any CPU
		{E1F329CA-E145-4D89-B3FB-0386AE9C6290}.Debug|Any CPU.ActiveCfg = Debug|Any CPU
		{E1F329CA-E145-4D89-B3FB-0386AE9C6290}.Debug|Any CPU.Build.0 = Debug|Any CPU
		{E1F329CA-E145-4D89-B3FB-0386AE9C6290}.Release|Any CPU.ActiveCfg = Release|Any CPU
		{E1F329CA-E145-4D89-B3FB-0386AE9C6290}.Release|Any CPU.Build.0 = Release|Any CPU
	EndGlobalSection
	GlobalSection(SolutionProperties) = preSolution
		HideSolutionNode = FALSE
	EndGlobalSection
	GlobalSection(ExtensibilityGlobals) = postSolution
		SolutionGuid = {CBAD32C4-5AC4-4870-8F41-C34DE8DB060A}
	EndGlobalSection
EndGlobal
