
Microsoft Visual Studio Solution File, Format Version 12.00
# Visual Studio 15
VisualStudioVersion = 15.0.28307.329
MinimumVisualStudioVersion = 10.0.40219.1
Project("{FAE04EC0-301F-11D3-BF4B-00C04F79EFBC}") = "AndroidFormsApp.Android", "AndroidFormsApp\AndroidFormsApp.Android\AndroidFormsApp.Android.csproj", "{4C7C6B16-0522-4B96-B36C-4E1461CB01F5}"
EndProject
Project("{FAE04EC0-301F-11D3-BF4B-00C04F79EFBC}") = "AndroidFormsApp", "AndroidFormsApp\AndroidFormsApp\AndroidFormsApp.csproj", "{908B3F6E-C72D-46A6-9D75-CEFC6BBE150E}"
EndProject
Global
	GlobalSection(SolutionConfigurationPlatforms) = preSolution
		Debug|Any CPU = Debug|Any CPU
		Release|Any CPU = Release|Any CPU
	EndGlobalSection
	GlobalSection(ProjectConfigurationPlatforms) = postSolution
		{4C7C6B16-0522-4B96-B36C-4E1461CB01F5}.Debug|Any CPU.ActiveCfg = Debug|Any CPU
		{4C7C6B16-0522-4B96-B36C-4E1461CB01F5}.Debug|Any CPU.Build.0 = Debug|Any CPU
		{4C7C6B16-0522-4B96-B36C-4E1461CB01F5}.Debug|Any CPU.Deploy.0 = Debug|Any CPU
		{4C7C6B16-0522-4B96-B36C-4E1461CB01F5}.Release|Any CPU.ActiveCfg = Release|Any CPU
		{4C7C6B16-0522-4B96-B36C-4E1461CB01F5}.Release|Any CPU.Build.0 = Release|Any CPU
		{4C7C6B16-0522-4B96-B36C-4E1461CB01F5}.Release|Any CPU.Deploy.0 = Release|Any CPU
		{908B3F6E-C72D-46A6-9D75-CEFC6BBE150E}.Debug|Any CPU.ActiveCfg = Debug|Any CPU
		{908B3F6E-C72D-46A6-9D75-CEFC6BBE150E}.Debug|Any CPU.Build.0 = Debug|Any CPU
		{908B3F6E-C72D-46A6-9D75-CEFC6BBE150E}.Debug|Any CPU.Deploy.0 = Debug|Any CPU
		{908B3F6E-C72D-46A6-9D75-CEFC6BBE150E}.Release|Any CPU.ActiveCfg = Release|Any CPU
		{908B3F6E-C72D-46A6-9D75-CEFC6BBE150E}.Release|Any CPU.Build.0 = Release|Any CPU
		{908B3F6E-C72D-46A6-9D75-CEFC6BBE150E}.Release|Any CPU.Deploy.0 = Release|Any CPU
	EndGlobalSection
	GlobalSection(SolutionProperties) = preSolution
		HideSolutionNode = FALSE
	EndGlobalSection
	GlobalSection(ExtensibilityGlobals) = postSolution
		SolutionGuid = {7494DEBD-E184-4595-AF6C-5CFB2C732D48}
	EndGlobalSection
EndGlobal
