
Microsoft Visual Studio Solution File, Format Version 12.00
# Visual Studio 15
VisualStudioVersion = 15.0.28307.329
MinimumVisualStudioVersion = 10.0.40219.1
Project("{FAE04EC0-301F-11D3-BF4B-00C04F79EFBC}") = "HelloLibrary", "HelloLibrary\HelloLibrary.csproj", "{9338A011-0EFA-45C0-B00E-0D8C8CDF3473}"
EndProject
Project("{9A19103F-16F7-4668-BE54-9A1E7A4F7556}") = "ConsoleApp", "..\C# Learning\Task 1\ConsoleApp\ConsoleApp\ConsoleApp.csproj", "{8AEA9489-C6B8-4904-8F4E-992BAB030489}"
EndProject
Project("{FAE04EC0-301F-11D3-BF4B-00C04F79EFBC}") = "WindowsFormsApp", "..\C# Learning\Task 1\WindowsFormsApp\WindowsFormsApp\WindowsFormsApp.csproj", "{B0F0CEE5-3550-4132-AA9B-E399C8605389}"
EndProject
Project("{9A19103F-16F7-4668-BE54-9A1E7A4F7556}") = "AndroidFormsApp", "..\AndroidFormsApp\AndroidFormsApp\AndroidFormsApp\AndroidFormsApp.csproj", "{8590F992-C8D0-4CD4-A541-3925071E8830}"
EndProject
Project("{FAE04EC0-301F-11D3-BF4B-00C04F79EFBC}") = "AndroidFormsApp.Android", "..\AndroidFormsApp\AndroidFormsApp\AndroidFormsApp.Android\AndroidFormsApp.Android.csproj", "{4C7C6B16-0522-4B96-B36C-4E1461CB01F5}"
EndProject
Global
	GlobalSection(SolutionConfigurationPlatforms) = preSolution
		Debug|Any CPU = Debug|Any CPU
		Release|Any CPU = Release|Any CPU
	EndGlobalSection
	GlobalSection(ProjectConfigurationPlatforms) = postSolution
		{9338A011-0EFA-45C0-B00E-0D8C8CDF3473}.Debug|Any CPU.ActiveCfg = Debug|Any CPU
		{9338A011-0EFA-45C0-B00E-0D8C8CDF3473}.Debug|Any CPU.Build.0 = Debug|Any CPU
		{9338A011-0EFA-45C0-B00E-0D8C8CDF3473}.Release|Any CPU.ActiveCfg = Release|Any CPU
		{9338A011-0EFA-45C0-B00E-0D8C8CDF3473}.Release|Any CPU.Build.0 = Release|Any CPU
		{8AEA9489-C6B8-4904-8F4E-992BAB030489}.Debug|Any CPU.ActiveCfg = Debug|Any CPU
		{8AEA9489-C6B8-4904-8F4E-992BAB030489}.Debug|Any CPU.Build.0 = Debug|Any CPU
		{8AEA9489-C6B8-4904-8F4E-992BAB030489}.Release|Any CPU.ActiveCfg = Release|Any CPU
		{8AEA9489-C6B8-4904-8F4E-992BAB030489}.Release|Any CPU.Build.0 = Release|Any CPU
		{B0F0CEE5-3550-4132-AA9B-E399C8605389}.Debug|Any CPU.ActiveCfg = Debug|Any CPU
		{B0F0CEE5-3550-4132-AA9B-E399C8605389}.Debug|Any CPU.Build.0 = Debug|Any CPU
		{B0F0CEE5-3550-4132-AA9B-E399C8605389}.Release|Any CPU.ActiveCfg = Release|Any CPU
		{B0F0CEE5-3550-4132-AA9B-E399C8605389}.Release|Any CPU.Build.0 = Release|Any CPU
		{8590F992-C8D0-4CD4-A541-3925071E8830}.Debug|Any CPU.ActiveCfg = Debug|Any CPU
		{8590F992-C8D0-4CD4-A541-3925071E8830}.Debug|Any CPU.Build.0 = Debug|Any CPU
		{8590F992-C8D0-4CD4-A541-3925071E8830}.Release|Any CPU.ActiveCfg = Release|Any CPU
		{8590F992-C8D0-4CD4-A541-3925071E8830}.Release|Any CPU.Build.0 = Release|Any CPU
		{4C7C6B16-0522-4B96-B36C-4E1461CB01F5}.Debug|Any CPU.ActiveCfg = Debug|Any CPU
		{4C7C6B16-0522-4B96-B36C-4E1461CB01F5}.Debug|Any CPU.Build.0 = Debug|Any CPU
		{4C7C6B16-0522-4B96-B36C-4E1461CB01F5}.Debug|Any CPU.Deploy.0 = Debug|Any CPU
		{4C7C6B16-0522-4B96-B36C-4E1461CB01F5}.Release|Any CPU.ActiveCfg = Release|Any CPU
		{4C7C6B16-0522-4B96-B36C-4E1461CB01F5}.Release|Any CPU.Build.0 = Release|Any CPU
		{4C7C6B16-0522-4B96-B36C-4E1461CB01F5}.Release|Any CPU.Deploy.0 = Release|Any CPU
	EndGlobalSection
	GlobalSection(SolutionProperties) = preSolution
		HideSolutionNode = FALSE
	EndGlobalSection
	GlobalSection(ExtensibilityGlobals) = postSolution
		SolutionGuid = {41888FAE-C491-4083-871C-D088F6464995}
	EndGlobalSection
EndGlobal
